@grove 1
# AUTO-GENERATED. Do not edit. Use `grove` CLI.
# checksum: sha256:1488e7a99236c8ff6b8de2099c0c4bbdaa507183978e7fab091af485f8db2240
g G-01 status=verified fitness_kind=count t_created=2026-08-27T08:42:21Z t_updated=2026-08-27T08:53:19Z "Repository has a reproducible local development loop"
  area: A-01
  fitness_target: 1
  fitness_current: 1
  notes:
    | Distillation is --distill-deferred until the first migrated WebMCP slice.

g G-02 status=verified fitness_kind=count t_created=2026-08-27T12:43:03Z t_updated=2026-08-27T13:16:23Z "Spike behavior runs through public packages"
  area: A-02
  fitness_target: 1
  fitness_current: 1

g G-03 status=verified fitness_kind=count t_created=2026-08-27T14:13:27Z t_updated=2026-08-27T14:39:37Z "Vue example activates Page Objects through the Vue package"
  area: A-02
  fitness_target: 1
  fitness_current: 1

g G-04 status=verified fitness_kind=count t_created=2026-08-31T10:13:13Z t_updated=2026-08-31T12:29:12Z "Assistant can inspect the current page through ref-bearing state"
  area: A-02
  fitness_target: 1
  fitness_current: 1

g G-05 status=verified fitness_kind=boolean t_created=2026-08-31T13:49:13Z t_updated=2026-08-31T13:59:48Z "Vue package supports Vue 3.2 consumers"
  area: A-02
  fitness_current: true

g G-06 status=verified fitness_kind=count t_created=2026-08-31T15:47:50Z t_updated=2026-08-31T15:54:39Z "Generated WebMCP Tools track live Page Objects"
  area: A-02
  fitness_target: 1
  fitness_current: 1

g G-07 status=verified fitness_kind=count t_created=2026-09-02T07:13:35Z t_updated=2026-09-02T07:59:00Z "POM barrel imports remain browser-loadable"
  area: A-02
  fitness_target: 1
  fitness_current: 1

w W-01 type=feature status=done cynefin=complicated t_created=2026-08-27T08:43:16Z t_updated=2026-08-27T09:00:10Z "Establish the monorepo walking skeleton"
  goals: G-01
  fitness: G-01=+1
  surface: package.json, pnpm-workspace.yaml, pnpm-lock.yaml, turbo.json, devbox.json, devbox.lock, .gitignore, apps/example-vue, packages/webmcp, packages/webmcp-vite, packages/typescript-config, packages/eslint-config, .grove
  ac:
    | Devbox exposes Node 24 and the exact pnpm 11 version declared by the root package.
    | pnpm discovers exactly apps/example-vue, packages/webmcp, packages/webmcp-vite, packages/typescript-config, and packages/eslint-config.
    | @ayme-dev/webmcp and @ayme-dev/webmcp-vite build with tsdown and output JavaScript, declarations, and valid package exports.
    | Both public packages have independent versions and public npm metadata, and pnpm pack --dry-run shows only intended contents without publishing.
    | The private TypeScript and ESLint configuration packages are consumed by the application and public packages.
    | The private Vue example application starts with Vite and renders Ayme WebMCP.
    | Vitest verifies the example application root content, and Playwright verifies the rendered page in a browser.
    | The example application and both public packages own their Vitest configuration, while empty public packages may have no tests.
    | Turbo tags and rules encode the agreed dependency direction, and turbo boundaries passes.
    | Root build, lint, typecheck, Vitest, Playwright, Boundaries, and combined check commands pass from Devbox.
    | Existing commitlint and Lefthook behavior remains working after the root manifest and lockfile are extended.
    | The slice adds no GitHub Actions, WebMCP migration, release automation, marketplace, shared Vitest configuration, or extra workspace.
  hypothesis:
    | A minimal five-workspace repository with package-local configuration provides a complete local feedback loop without introducing migration, publishing, or CI complexity.
  evidence_strategy:
    | Run devbox run -- node --version and devbox run -- pnpm --version.
    | Run devbox run -- pnpm install, build, lint, typecheck, test, test:e2e, boundaries, and check.
    | Run pnpm pack --dry-run for each public package without publishing.
    | Run git diff --check and grove check.
  evidence:
    | Devbox: Node v24.12.0 and pnpm 11.24.0.
    | Verification: pnpm install, build, lint, typecheck, test, test:e2e, boundaries, and check passed under Devbox.
    | Tests: Vitest 1/1 and Playwright 1/1 passed for the Ayme WebMCP heading.
    | Packages: both public dry runs contain only dist/index.mjs, dist/index.d.mts, LICENSE, and package.json; imports resolve from the example app.
    | Workspace graph: five workspaces; turbo boundaries checked 21 files with no issues; git diff --check passed.
    | Correction: packed manifests for @ayme-dev/webmcp and @ayme-dev/webmcp-vite contain publishConfig.access=public; install and full check passed.
  plan:
    | Configure the root workspace and Devbox runtime.
    | Create private tooling packages.
    | Create public package shells and the private example application.
    | Add package-local Vitest configuration, a Playwright smoke test, and Turbo Boundaries.
    | Verify the complete local loop and package dry runs.
  why:
    | The first repository slice must prove the development and packaging loop before WebMCP spike code moves.

w W-02 type=feature status=done cynefin=complicated t_created=2026-08-27T12:43:05Z t_updated=2026-08-27T13:24:26Z "Preserve spike behavior through package extraction"
  goals: G-02
  fitness: G-02=+1
  surface: packages/webmcp, packages/webmcp-vite, packages/unplugin-webmcp, apps/example-vue, package.json, pnpm-workspace.yaml, pnpm-lock.yaml, turbo.json, .grove
  ac:
    | The @ayme-dev/unplugin-webmcp workspace replaces @ayme-dev/webmcp-vite, uses Unplugin, and exposes a working Vite entry point.
    | The @ayme-dev/webmcp package owns the framework-neutral decorators, runtime contracts, browser Page Object execution, Generated WebMCP Tool construction, and WebMCP registration.
    | The core package has no runtime dependency on Vue, Vite, TypeScript, or Playwright.
    | The complete spike application is copied into apps/example-vue, including its Page Object Models, demo behavior, debug panel, and relay integration.
    | The Vue lifecycle binding remains private to the example application.
    | The migrated behavioral test proves that three Generated WebMCP Tools are registered and that add, rename, and archive work.
    | The same Page Object Models remain executable through Playwright.
    | Both public packages build and produce valid dry-run package contents.
    | The repository build, lint, typecheck, Vitest, Playwright, Turbo Boundaries, and combined check pass.
    | The work does not define the final public activation interface, add framework packages, support another bundler, or add release automation.
  hypothesis:
    | Copying the working spike and changing only ownership, imports, and Vue lifecycle coupling will preserve behavior with less risk than rebuilding it.
  evidence_strategy:
    | Run the migrated Playwright parity test.
    | Run package-local build, typecheck, and Vitest tasks.
    | Run pnpm pack --dry-run for both public packages.
    | Run pnpm run check.
    | Run git diff --check and grove check.
    | Inspect package manifests and production dependency trees.
  evidence:
    | Copy-first audit: the migrated app and Playwright trees match the local spike except for package-import adaptations, extracted runtime/compiler files, and the added Vitest test.
    | pnpm install --frozen-lockfile completed successfully in the Devbox Node 24 and pnpm 11.24.0 environment.
    | pnpm run check passed: builds, lint, typechecks, one real Vitest component test, four Playwright tests, and Turbo Boundaries all succeeded.
    | Playwright registered exactly three Generated WebMCP Tools and exercised add, rename, and archive through both Playwright and registered WebMCP execution.
    | pnpm pack --dry-run succeeded for @ayme-dev/webmcp and @ayme-dev/unplugin-webmcp; importing all built public entry points succeeded.
    | Manifest inspection confirmed @ayme-dev/webmcp has no production dependencies; git diff --check and grove check passed.
  plan:
    | Rename the Vite-specific package scaffold to the accepted Unplugin package.
    | Copy the complete local spike into the private Vue example before adapting it.
    | Move the copied framework-neutral runtime and compiler files into their accepted package owners with minimal behavioral changes.
    | Replace application-local imports with package imports and keep Vue lifecycle management in the example.
    | Use the copied parity test as the outer-loop preservation test.
  why:
    | The first migration slice must prove the package boundaries using the already working spike instead of rebuilding its behavior.

w W-03 type=feature status=done cynefin=complicated t_created=2026-08-27T14:13:27Z t_updated=2026-08-27T14:39:37Z "Extract Vue Page Object activation composable"
  goals: G-03
  fitness: G-03=+1
  surface: packages/webmcp-vue, apps/example-vue/src/ayme/useAymeExperiment.ts, apps/example-vue/package.json, pnpm-lock.yaml, apps/example-vue/vitest.config.ts
  ac:
    | The @ayme-dev/webmcp-vue workspace package exposes usePageObject from its root entry point.
    | usePageObject returns the typed Page Object and disposes its core registration exactly once when the current Vue effect scope ends.
    | The Vue example activates ListPage through @ayme-dev/webmcp-vue and no longer calls or disposes createPageRegistration directly.
    | The example keeps its Page Object Models and experiment-specific runtime, debugging, probing, and relay behavior.
    | Package tests, example Vitest and Playwright tests, build, lint, typecheck, Turbo boundaries, and a package dry-run pass.
    | No package is published and no Vue app plugin, Nuxt integration, other framework package, or final public core activation API is added.
  hypothesis:
    | Extracting the proven Vue lifecycle binding behind one composable will preserve example behavior while giving Vue integration a reusable owner.
  evidence_strategy:
    | Run the package test suite against activation and scope disposal, then run the repository build, lint, typecheck, Vitest, Playwright, Turbo boundaries, and package dry-run checks.
  evidence:
    | Package checks passed: build, lint, typecheck, and test; Vitest reported 1 file and 2 tests passed.
    | Example checks passed: build, lint, typecheck, and Vitest reported 2 files and 3 tests passed; all 4 Playwright tests passed against the existing 127.0.0.1:4190 server with the temporary no-webServer config after the strict wrapper found the port occupied.
    | Repository checks passed: pnpm run build, lint, typecheck, and test; Turbo boundaries checked 50 files in 6 packages with no issues; frozen lockfile install passed.
    | Package dry-run passed: pnpm --filter @ayme-dev/webmcp-vue pack --dry-run listed dist/index.d.mts, dist/index.mjs, LICENSE, and package.json; no package was published.
    | Final hygiene passed: git diff --check reported no errors; package exports use only the new adapter files and the example changes use usePageObject(ListPage).
    | Vitest isolation correction verified: pnpm --filter @ayme-dev/webmcp-vue run test passed 1 file and 2 tests; pnpm --filter @ayme-dev/example-vue run test passed 1 file and 1 test from src/App.test.ts only; pnpm run test passed 7 tasks with the example test at 1 file and 1 test.
    | Follow-up hygiene verified: pnpm --filter @ayme-dev/example-vue run typecheck passed; git diff --check passed; grove check passed.
    | Coordinator verification passed: package test 1 file and 2 tests; example test 1 file and 1 test; example typecheck; Turbo boundaries checked 50 files in 6 packages; Playwright 4 tests passed against the existing 127.0.0.1:4190 server; git diff --check and grove check passed.
  why:
    | This package pilots framework lifecycle integration without settling Q-01 or moving consumer Page Object Models into library code.

w W-04 type=feature status=done cynefin=complicated t_created=2026-08-31T10:13:13Z t_updated=2026-08-31T12:29:12Z "Expose raw Playwright ARIA state through get_page_state"
  goals: G-04
  fitness: G-04=+1
  surface: packages/unplugin-webmcp, packages/webmcp, apps/example-vue
  ac:
    | The build consumes InjectedScript from the exact pinned playwright-core package without a hand-edited or committed generated Playwright bundle.
    | The runtime registers a get_page_state WebMCP tool that returns Playwright's raw AI ARIA snapshot for document.body, including actionable structural refs.
    | Automated coverage proves repeated visible controls receive distinct refs and the tool returns the current page state through the existing WebMCP registration path.
    | This slice does not add Ayme StructuralTree parsing, POM decoration, collection action addressing, root-mounting policy, or cross-capture reconciliation.
    | Package and example build, lint, typecheck, unit tests, e2e tests, boundaries, and Grove invariants pass.
  hypothesis:
    | Build-time extraction from the pinned playwright-core package provides native ref-bearing page state and keeps upgrades tied to one exact package version.
  evidence_strategy:
    | Add focused coverage for extraction and runtime capture, exercise get_page_state through the example WebMCP tools, then run repository verification and inspect package contents.
  evidence:
    | Implementation commit 176ea6e separates the built-in get_page_state ModelContextTool from RegisteredPomTool metadata and pins playwright-core 1.62.1.
    | pnpm check passed: package/example builds, lint, typecheck, unit tests, 5/5 Playwright e2e tests, and 52-file boundary validation.
    | Focused e2e proves get_page_state has no pomId and returns document.body AI ARIA state with distinct refs for repeated Archive controls.
    | pnpm pack inspection contained only package metadata and built dist artifacts; no committed generated Playwright runtime bundle.
    | Independent Standards and Spec reviews of 33eb881...176ea6e reported no findings.
  why:
    | This tracer bullet validates the observation seam and tool transport before structural parsing or POM projection are introduced.

w W-05 type=feature status=done cynefin=clear t_created=2026-08-31T13:49:35Z t_updated=2026-08-31T13:59:48Z "Enforce the Vue 3.2 support floor"
  goals: G-05
  fitness: G-05=+1
  surface: .github/workflows/vue-compatibility.yml, packages/webmcp-vue/package.json, pnpm-lock.yaml
  ac:
    | The Vue peer dependency starts at exact Vue 3.2.0 while the workspace development dependency remains on the current version.
    | The package typecheck and lifecycle tests pass against exact Vue 3.2.0, 3.3.0, 3.4.0, 3.5.29, and 3.5.42.
    | A focused GitHub Actions job installs exact Vue 3.2.0, builds the core workspace dependency, and runs the Vue package typecheck and lifecycle tests.
  hypothesis:
    | The Vue lifecycle APIs used by the package are compatible from Vue 3.2.0 and the existing tests exercise the complete integration surface.
  evidence_strategy:
    | Run the exact-version compatibility checks, inspect the workflow command path, and run the full repository check.
  evidence:
    | Exact Vue 3.2.0, 3.3.0, 3.4.0, 3.5.29, and 3.5.42 checks passed: package typecheck clean and lifecycle tests 3/3 green for every version.
    | The minimum-version workflow command path passed locally: core package build clean, Vue package typecheck clean, and lifecycle tests 3/3 green with exact Vue 3.2.0.
    | Full pnpm check passed: build, lint, typecheck, unit tests, Playwright 4/4, and Turbo Boundaries checked 54 files with no issues.
  plan:
    | Lower only the peer dependency, preserve the development version, and add one minimum-version workflow job.

w W-06 type=feature status=done cynefin=complicated t_created=2026-08-31T15:48:17Z t_updated=2026-08-31T15:54:39Z "Synchronize tools with live Page Objects"
  goals: G-06
  fitness: G-06=+1
  surface: packages/webmcp/src/registry.ts, packages/webmcp/src/webMcp.ts, packages/webmcp/src/internal.ts, packages/webmcp/src/registry.test.ts, packages/webmcp/src/webMcp.test.ts, apps/example-vue/src/ayme/useAymeExperiment.ts, apps/example-vue/tests/vue-webmcp.spec.ts, apps/example-vue/src/ayme/useAymeExperiment.test.ts
  ac:
    | The first live Page Object registration starts one Ayme-owned DOM observer and schedules an initial probe.
    | Multiple registrations share that observer, and disposing the final registration disconnects it and cancels pending probe work.
    | DOM mutation bursts schedule at most one pending probe, and unchanged probe observations do not notify subscribers.
    | Page-level tools follow Page Object registration lifetime, and child Page Object tools follow whether their root locator count is greater than zero.
    | Opt-in WebMCP publication registers newly active tools once, aborts inactive tool registrations, and aborts every remaining registration when disposed.
    | The Vue example relies on Ayme-owned observation and its end-to-end test proves automatic tool appearance and removal after DOM changes.
  hypothesis:
    | A singleton observer at the existing registry seam can keep all publishers current without framework or host-specific scheduling.
  evidence_strategy:
    | Run focused core unit tests through the registry activation and WebMCP publication interfaces, then the Vue example end-to-end lifecycle test.
    | Run repository type-check, lint, test, build, and grove check commands in Devbox.
  evidence:
    | Merged with main while preserving live POM lifecycle and get_page_state publication; typecheck, lint, all unit tests, build, WebMCP 9/9, Vue 2/2, Playwright 6/6, diff check, and grove check passed.
  plan:
    | Implement one red-green slice at a time at the registry activation seam, active-tool listing seam, WebMCP publication seam, and Vue example user-flow seam.

w W-07 type=feature status=done cynefin=complicated t_created=2026-09-02T07:13:57Z t_updated=2026-09-02T07:59:00Z "Mitigate Playwright-tainted POM barrels"
  goals: G-07
  fitness: G-07=+1
  surface: packages/unplugin-webmcp/src/index.ts, packages/unplugin-webmcp/src/rewritePomImports.ts, packages/unplugin-webmcp/src/rewritePomImports.test.ts, apps/example-vue/playwright/pom/ListPage.ts, apps/example-vue/playwright/pom/components.ts, apps/example-vue/tests/vue-webmcp.spec.ts
  ac:
    | A browser-loaded POM importing a selected symbol through a local barrel loads in Vite when an unused branch imports @playwright/test at runtime.
    | The same mitigation covers an unused runtime playwright branch and leaves type-only Playwright branches browser-safe without rewriting them.
    | Selected runtime symbols that depend on playwright or @playwright/test, unrelated Node-only branches, unsupported imports, and ambiguous resolutions remain unchanged.
    | Rewritten imports preserve imported names, local aliases, type-only semantics, and split selected names by defining module.
  hypothesis:
    | Resolving named local-barrel imports to their defining modules before POM registration removes only unused exact Playwright runtime edges while preserving ordinary bundler failures.
  evidence_strategy:
    | Run focused rewrite behavior tests and the real Vite browser regression for the issue 15 barrel shape.
    | Run the unplugin package build, unit tests, lint, typecheck, repository aggregate checks, and grove check.
  evidence:
    | red: the example-vue Vite barrel reproduction failed before the rewrite; dependency optimization reached @playwright/test and failed to load the browser graph.
    | green: rewritePomImports Vitest 13/13; unplugin package build, lint, typecheck, and tests pass; example-vue build, lint, typecheck, unit tests 2/2, and Playwright e2e 6/6 pass. commit 00557735.
    | aggregate: pnpm run check passed, including format and turbo boundaries. commit 00557735.
  plan:
    | Implement one red-green slice at the Vite browser-loading seam, then cover source rewrite behavior with focused tests.
  why:
    | Issue #15 requires a narrow internal mitigation for Playwright-tainted local barrels without a public option or runtime shim.

d D-01 status=superseded t_created=2026-08-27T08:43:08Z t_updated=2026-08-27T11:48:35Z "Use the five-workspace monorepo layout"
  context:
    | The open-source WebMCP library needs independently publishable core and Vite packages, a private example application, and shared tooling configuration.
  options:
    | OC1: Create the agreed five workspaces now and add others when migration requires them.
    | OC2: Start with one package and split it later.
    | OC3: Create all anticipated loaders and marketplace packages now.
  decision:
    | Use pnpm and Turbo with apps/example-vue, packages/webmcp, packages/webmcp-vite, packages/typescript-config, and packages/eslint-config.
    | Only packages/webmcp and packages/webmcp-vite are public-ready; the remaining workspaces are private.
  consequences:
    | The two library packages can be published independently later.
    | The repository carries only the package boundaries needed for the first slice.
  validation:
    | pnpm lists exactly the five agreed workspaces, and every root check passes.

d D-02 status=accepted t_created=2026-08-27T08:43:10Z t_updated=2026-08-27T08:43:22Z "Use Devbox and Corepack for local runtimes"
  context:
    | The repository should align with Ayme local environment management while keeping its runtime configuration minimal.
  options:
    | OC1: Use Devbox with Node 24 and Corepack with an exact pnpm version.
    | OC2: Use Node version files without Devbox.
    | OC3: Depend on system runtimes.
  decision:
    | Use nodejs@24, set DEVBOX_COREPACK_ENABLED=true, declare an exact pnpm 11 version in the root packageManager field, and commit devbox.lock.
  consequences:
    | The repository does not add .nvmrc or .node-version.
    | The repository does not copy Ayme-specific Git, uv, or NODE_OPTIONS configuration.
  validation:
    | devbox run -- node --version and devbox run -- pnpm --version report the declared runtime families.

d D-03 status=accepted t_created=2026-08-27T08:43:12Z t_updated=2026-08-27T08:43:22Z "Keep Vitest configuration package-local"
  context:
    | Turbo should execute each workspace test task, but a shared Vitest configuration package is unnecessary at the current repository size.
  options:
    | OC1: Keep Vitest configuration in each applicable workspace.
    | OC2: Configure Vitest projects at the repository root.
    | OC3: Create a shared Vitest configuration package.
  decision:
    | The example application and both public packages own their Vitest configuration, with no root or shared Vitest configuration package.
  consequences:
    | A small amount of configuration duplication is accepted.
    | Empty public package shells do not receive fake tests.
  validation:
    | The root test command runs package tasks, and the real example application test passes.

d D-04 status=accepted t_created=2026-08-27T08:43:14Z t_updated=2026-08-27T08:43:22Z "Enforce dependency direction with Turbo Boundaries"
  context:
    | The monorepo needs lightweight enforcement of the agreed dependency direction.
  options:
    | OC1: Use the built-in experimental Turbo Boundaries feature.
    | OC2: Add custom ESLint or Nx-style boundary tooling.
    | OC3: Leave dependency direction unenforced.
  decision:
    | Tag tooling, core, adapter, and app workspaces and configure Turbo Boundaries rules.
    | Tooling cannot depend on core, adapter, or app workspaces; core cannot depend on adapter or app workspaces; adapter cannot depend on app workspaces; app may depend on core and adapter workspaces.
  consequences:
    | The repository uses an experimental Turbo feature whose configuration may evolve.
  validation:
    | turbo boundaries passes, and configuration review confirms the intended rules.

d D-05 status=accepted t_created=2026-08-27T11:48:25Z t_updated=2026-08-27T12:43:18Z "Use core and Unplugin packages"
  context:
    | Canonical rationale: docs/adr/0005-use-core-and-unplugin-packages.md.
  decision:
    | Adopt ADR-0005.

d D-06 status=accepted t_created=2026-08-27T11:48:35Z t_updated=2026-08-27T12:43:18Z "Separate POM compilation from live activation"
  context:
    | Canonical rationale: docs/adr/0006-separate-pom-compilation-from-live-activation.md.
  decision:
    | Adopt ADR-0006.

d D-07 status=accepted t_created=2026-08-27T11:48:37Z t_updated=2026-08-27T12:43:19Z "Use structural POMs and explicit WebMCP exposure"
  context:
    | Canonical rationale: docs/adr/0007-use-structural-poms-and-explicit-webmcp-exposure.md.
  decision:
    | Adopt ADR-0007.

d D-08 status=accepted t_created=2026-08-27T14:12:45Z t_updated=2026-08-27T14:40:25Z "Package Vue lifecycle integration separately"
  context:
    | Canonical rationale: docs/adr/0008-package-vue-lifecycle-integration-separately.md.
  decision:
    | Adopt ADR-0008.

d D-09 status=accepted t_created=2026-08-31T15:47:55Z t_updated=2026-08-31T15:48:44Z "Let Ayme own live Page Object observation"
  decision:
    | See ADR-0009: docs/adr/0009-let-ayme-own-live-page-object-observation.md.

q Q-01 status=deferred cynefin=complicated t_created=2026-08-27T12:43:03Z t_updated=2026-08-27T14:13:29Z "Choose the public activation interface"
  why:
    | The spike useAymePage function combines Vue lifecycle management with framework-neutral runtime behavior. W-02 separates those responsibilities but intentionally does not choose the final public interface.
  exit:
    | Compare an explicit runtime object with a direct activation function against the packaged implementation, then agree on naming, disposal, and whether one activation may manage several Page Objects.

b B-01 status=validated cynefin=complicated t_created=2026-08-31T13:49:50Z t_updated=2026-08-31T13:49:50Z "Vue 3.2.0 supports lifecycle integration"
  vm:
    | Run the Vue package typecheck and lifecycle tests against exact Vue 3.2.0, 3.3.0, 3.4.0, 3.5.29, and 3.5.42.
  threshold:
    | Every exact version passes typechecking and all three lifecycle tests.
  result:
    | Every exact version passed typechecking and all three lifecycle tests in an isolated checkout at commit 4f510a0.

y Y-01 status=active t_created=2026-08-27T13:24:26Z t_updated=2026-08-27T13:25:03Z "Shared Page Object behavior"
  tags: Page Object Model (POM), Generated WebMCP Tool
  surface: packages/webmcp, packages/unplugin-webmcp, apps/example-vue
  invariant:
    | A single authored Page Object definition can preserve the same behavior across Playwright execution and Generated WebMCP Tools when compilation and live activation remain separate.

y Y-02 status=active t_created=2026-08-27T14:40:25Z t_updated=2026-08-27T14:40:25Z "Framework lifecycle owns Page Object disposal"
  tags: Page Object
  surface: packages/webmcp-vue, apps/example-vue/src/ayme/useAymeExperiment.ts
  invariant:
    | A framework integration can own Page Object activation and disposal for its lifecycle while the core runtime remains framework-neutral.

a A-01 status=present t_created=2026-08-27T08:42:21Z t_updated=2026-08-27T08:42:21Z "Repository foundation"
  surface: apps, packages, package.json, pnpm-workspace.yaml, pnpm-lock.yaml, turbo.json, devbox.json, devbox.lock, .gitignore

a A-02 status=present t_created=2026-08-27T12:43:02Z t_updated=2026-08-27T12:43:02Z "Page Object interoperability"

e B-01 targets W-05 t_created=2026-08-31T13:49:50Z
e D-05 supersedes D-01 t_created=2026-08-27T11:48:25Z
e Q-01 asks D-06 t_created=2026-08-27T12:43:04Z
e Q-01 asks W-03 t_created=2026-08-27T14:13:29Z
e W-01 implements D-01 t_created=2026-08-27T08:43:22Z
e W-01 implements D-02 t_created=2026-08-27T08:43:22Z
e W-01 implements D-03 t_created=2026-08-27T08:43:22Z
e W-01 implements D-04 t_created=2026-08-27T08:43:22Z
e W-02 implements D-05 t_created=2026-08-27T12:43:18Z
e W-02 implements D-06 t_created=2026-08-27T12:43:18Z
e W-02 implements D-07 t_created=2026-08-27T12:43:19Z
e W-02 produces Y-01 t_created=2026-08-27T13:24:26Z
e W-03 implements D-08 t_created=2026-08-27T14:13:29Z
e W-06 implements D-09 t_created=2026-08-31T15:48:44Z
e Y-02 distills D-08 t_created=2026-08-27T14:40:25Z
